
Microsoft Visual Studio Solution File, Format Version 12.00
# Visual Studio 15
VisualStudioVersion = 15.0.28307.852
MinimumVisualStudioVersion = 10.0.40219.1
Project("{FAE04EC0-301F-11D3-BF4B-00C04F79EFBC}") = "F5074.Launcher", "F5074.Launcher\F5074.Launcher.csproj", "{A479E8C1-3279-48E7-96C8-C263B3B43DC2}"
EndProject
Project("{FAE04EC0-301F-11D3-BF4B-00C04F79EFBC}") = "F5074.Common", "F5074.Common\F5074.Common.csproj", "{E0BC19BD-DF46-487E-B3AE-2B9DE79D1B69}"
EndProject
Project("{FAE04EC0-301F-11D3-BF4B-00C04F79EFBC}") = "F5074.UI", "F5074.UI\F5074.UI.csproj", "{4C28D219-A581-4470-B1AB-C89D319B388A}"
EndProject
Project("{FAE04EC0-301F-11D3-BF4B-00C04F79EFBC}") = "F5074.Daemon", "F5074.Daemon\F5074.Daemon.csproj", "{C39D7361-265E-43A1-BA06-2729CB49CC72}"
EndProject
Project("{2150E333-8FDC-42A3-9474-1A3956D46DE8}") = "Server", "Server", "{0D607207-BAA4-4C94-AB0D-D58D08068DB5}"
EndProject
Project("{2150E333-8FDC-42A3-9474-1A3956D46DE8}") = "Client", "Client", "{1B224F40-2D86-4D99-8C68-918F80EAADD9}"
EndProject
Project("{2150E333-8FDC-42A3-9474-1A3956D46DE8}") = "Common", "Common", "{7A64AEF4-2FBC-4386-9FC9-154E5B154B0F}"
EndProject
Global
	GlobalSection(SolutionConfigurationPlatforms) = preSolution
		Debug|Any CPU = Debug|Any CPU
		Release|Any CPU = Release|Any CPU
	EndGlobalSection
	GlobalSection(ProjectConfigurationPlatforms) = postSolution
		{A479E8C1-3279-48E7-96C8-C263B3B43DC2}.Debug|Any CPU.ActiveCfg = Debug|Any CPU
		{A479E8C1-3279-48E7-96C8-C263B3B43DC2}.Debug|Any CPU.Build.0 = Debug|Any CPU
		{A479E8C1-3279-48E7-96C8-C263B3B43DC2}.Release|Any CPU.ActiveCfg = Release|Any CPU
		{A479E8C1-3279-48E7-96C8-C263B3B43DC2}.Release|Any CPU.Build.0 = Release|Any CPU
		{E0BC19BD-DF46-487E-B3AE-2B9DE79D1B69}.Debug|Any CPU.ActiveCfg = Debug|Any CPU
		{E0BC19BD-DF46-487E-B3AE-2B9DE79D1B69}.Debug|Any CPU.Build.0 = Debug|Any CPU
		{E0BC19BD-DF46-487E-B3AE-2B9DE79D1B69}.Release|Any CPU.ActiveCfg = Release|Any CPU
		{E0BC19BD-DF46-487E-B3AE-2B9DE79D1B69}.Release|Any CPU.Build.0 = Release|Any CPU
		{4C28D219-A581-4470-B1AB-C89D319B388A}.Debug|Any CPU.ActiveCfg = Debug|Any CPU
		{4C28D219-A581-4470-B1AB-C89D319B388A}.Debug|Any CPU.Build.0 = Debug|Any CPU
		{4C28D219-A581-4470-B1AB-C89D319B388A}.Release|Any CPU.ActiveCfg = Release|Any CPU
		{4C28D219-A581-4470-B1AB-C89D319B388A}.Release|Any CPU.Build.0 = Release|Any CPU
		{C39D7361-265E-43A1-BA06-2729CB49CC72}.Debug|Any CPU.ActiveCfg = Debug|Any CPU
		{C39D7361-265E-43A1-BA06-2729CB49CC72}.Debug|Any CPU.Build.0 = Debug|Any CPU
		{C39D7361-265E-43A1-BA06-2729CB49CC72}.Release|Any CPU.ActiveCfg = Release|Any CPU
		{C39D7361-265E-43A1-BA06-2729CB49CC72}.Release|Any CPU.Build.0 = Release|Any CPU
	EndGlobalSection
	GlobalSection(SolutionProperties) = preSolution
		HideSolutionNode = FALSE
	EndGlobalSection
	GlobalSection(NestedProjects) = preSolution
		{A479E8C1-3279-48E7-96C8-C263B3B43DC2} = {1B224F40-2D86-4D99-8C68-918F80EAADD9}
		{E0BC19BD-DF46-487E-B3AE-2B9DE79D1B69} = {7A64AEF4-2FBC-4386-9FC9-154E5B154B0F}
		{4C28D219-A581-4470-B1AB-C89D319B388A} = {1B224F40-2D86-4D99-8C68-918F80EAADD9}
		{C39D7361-265E-43A1-BA06-2729CB49CC72} = {0D607207-BAA4-4C94-AB0D-D58D08068DB5}
	EndGlobalSection
	GlobalSection(ExtensibilityGlobals) = postSolution
		SolutionGuid = {6D1855A5-9F97-4291-BDD8-F890C8FB02EA}
	EndGlobalSection
EndGlobal
